{
  "name": "jokes",
  "lockfileVersion": 2,
  "requires": true,
  "packages": {
    "": {
      "dependencies": {
        "jokes-gco": "^1.0.17"
      }
    },
    "node_modules/jokes-gco": {
      "version": "1.0.17",
      "resolved": "https://registry.npmjs.org/jokes-gco/-/jokes-gco-1.0.17.tgz",
      "integrity": "sha512-CfCcHxD9GQ4tYX/WjXdyK8841QTyTCdQQAF23wY5kfW7G83tzhedloz9DYe0lD6K+kDC9SQnNg7SMGLss0tDLQ=="
    }
  },
  "dependencies": {
    "jokes-gco": {
      "version": "1.0.17",
      "resolved": "https://registry.npmjs.org/jokes-gco/-/jokes-gco-1.0.17.tgz",
      "integrity": "sha512-CfCcHxD9GQ4tYX/WjXdyK8841QTyTCdQQAF23wY5kfW7G83tzhedloz9DYe0lD6K+kDC9SQnNg7SMGLss0tDLQ=="
    }
  }
}
